
Microsoft Visual Studio Solution File, Format Version 12.00
# Visual Studio Version 17
VisualStudioVersion = 17.9.34728.123
MinimumVisualStudioVersion = 10.0.40219.1
Project("{FAE04EC0-301F-11D3-BF4B-00C04F79EFBC}") = "APPBlog1", "APPBlog1\APPBlog1.csproj", "{54E7B909-C18A-4488-BC38-C72E09B9A759}"
EndProject
Global
	GlobalSection(SolutionConfigurationPlatforms) = preSolution
		Debug|Any CPU = Debug|Any CPU
		Release|Any CPU = Release|Any CPU
	EndGlobalSection
	GlobalSection(ProjectConfigurationPlatforms) = postSolution
		{54E7B909-C18A-4488-BC38-C72E09B9A759}.Debug|Any CPU.ActiveCfg = Debug|Any CPU
		{54E7B909-C18A-4488-BC38-C72E09B9A759}.Debug|Any CPU.Build.0 = Debug|Any CPU
		{54E7B909-C18A-4488-BC38-C72E09B9A759}.Release|Any CPU.ActiveCfg = Release|Any CPU
		{54E7B909-C18A-4488-BC38-C72E09B9A759}.Release|Any CPU.Build.0 = Release|Any CPU
	EndGlobalSection
	GlobalSection(SolutionProperties) = preSolution
		HideSolutionNode = FALSE
	EndGlobalSection
	GlobalSection(ExtensibilityGlobals) = postSolution
		SolutionGuid = {CF0CD91C-203D-4802-A15A-0969D64881C3}
	EndGlobalSection
EndGlobal
